
Microsoft Visual Studio Solution File, Format Version 12.00
# Visual Studio Version 17
VisualStudioVersion = 17.0.31903.59
MinimumVisualStudioVersion = 10.0.40219.1
Project("{2150E333-8FDC-42A3-9474-1A3956D46DE8}") = "backend", "backend", "{1AE8ACA6-933B-BF2A-3671-3E2EAC007D16}"
EndProject
Project("{2150E333-8FDC-42A3-9474-1A3956D46DE8}") = "src", "src", "{0F9113EE-888A-26D2-68B0-4A7D0A2A8745}"
EndProject
Project("{FAE04EC0-301F-11D3-BF4B-00C04F79EFBC}") = "PoOcr.Domain", "backend\src\PoOcr.Domain\PoOcr.Domain.csproj", "{8AE786E6-BCBA-4AA0-A35A-2C423B236246}"
EndProject
Project("{FAE04EC0-301F-11D3-BF4B-00C04F79EFBC}") = "PoOcr.Application", "backend\src\PoOcr.Application\PoOcr.Application.csproj", "{89745210-D52D-49DA-AB4D-23E4BFB57023}"
EndProject
Project("{FAE04EC0-301F-11D3-BF4B-00C04F79EFBC}") = "PoOcr.Infrastructure", "backend\src\PoOcr.Infrastructure\PoOcr.Infrastructure.csproj", "{0B35DFD7-580B-4042-990C-090DA6563C59}"
EndProject
Project("{FAE04EC0-301F-11D3-BF4B-00C04F79EFBC}") = "PoOcr.Api", "backend\src\PoOcr.Api\PoOcr.Api.csproj", "{692E76D1-B71D-4DD7-86AC-F4ADCE9DAA3D}"
EndProject
Project("{2150E333-8FDC-42A3-9474-1A3956D46DE8}") = "tests", "tests", "{F57642F3-C37C-D174-720E-6A6AAD5BEE22}"
EndProject
Project("{FAE04EC0-301F-11D3-BF4B-00C04F79EFBC}") = "PoOcr.Domain.Tests", "backend\tests\PoOcr.Domain.Tests\PoOcr.Domain.Tests.csproj", "{06832A14-8657-45C5-A22B-2E5AD072A996}"
EndProject
Project("{FAE04EC0-301F-11D3-BF4B-00C04F79EFBC}") = "PoOcr.Application.Tests", "backend\tests\PoOcr.Application.Tests\PoOcr.Application.Tests.csproj", "{99649D8A-D25A-4C64-B8F4-D9941C7CDBCD}"
EndProject
Project("{FAE04EC0-301F-11D3-BF4B-00C04F79EFBC}") = "PoOcr.Infrastructure.Tests", "backend\tests\PoOcr.Infrastructure.Tests\PoOcr.Infrastructure.Tests.csproj", "{FFD015B4-15AA-48C0-820C-E76C308E43C3}"
EndProject
Project("{FAE04EC0-301F-11D3-BF4B-00C04F79EFBC}") = "PoOcr.Api.Tests", "backend\tests\PoOcr.Api.Tests\PoOcr.Api.Tests.csproj", "{A78C0D54-7806-4780-9CFA-E7E34D15B367}"
EndProject
Global
	GlobalSection(SolutionConfigurationPlatforms) = preSolution
		Debug|Any CPU = Debug|Any CPU
		Debug|x64 = Debug|x64
		Debug|x86 = Debug|x86
		Release|Any CPU = Release|Any CPU
		Release|x64 = Release|x64
		Release|x86 = Release|x86
	EndGlobalSection
	GlobalSection(ProjectConfigurationPlatforms) = postSolution
		{8AE786E6-BCBA-4AA0-A35A-2C423B236246}.Debug|Any CPU.ActiveCfg = Debug|Any CPU
		{8AE786E6-BCBA-4AA0-A35A-2C423B236246}.Debug|Any CPU.Build.0 = Debug|Any CPU
		{8AE786E6-BCBA-4AA0-A35A-2C423B236246}.Debug|x64.ActiveCfg = Debug|Any CPU
		{8AE786E6-BCBA-4AA0-A35A-2C423B236246}.Debug|x64.Build.0 = Debug|Any CPU
		{8AE786E6-BCBA-4AA0-A35A-2C423B236246}.Debug|x86.ActiveCfg = Debug|Any CPU
		{8AE786E6-BCBA-4AA0-A35A-2C423B236246}.Debug|x86.Build.0 = Debug|Any CPU
		{8AE786E6-BCBA-4AA0-A35A-2C423B236246}.Release|Any CPU.ActiveCfg = Release|Any CPU
		{8AE786E6-BCBA-4AA0-A35A-2C423B236246}.Release|Any CPU.Build.0 = Release|Any CPU
		{8AE786E6-BCBA-4AA0-A35A-2C423B236246}.Release|x64.ActiveCfg = Release|Any CPU
		{8AE786E6-BCBA-4AA0-A35A-2C423B236246}.Release|x64.Build.0 = Release|Any CPU
		{8AE786E6-BCBA-4AA0-A35A-2C423B236246}.Release|x86.ActiveCfg = Release|Any CPU
		{8AE786E6-BCBA-4AA0-A35A-2C423B236246}.Release|x86.Build.0 = Release|Any CPU
		{89745210-D52D-49DA-AB4D-23E4BFB57023}.Debug|Any CPU.ActiveCfg = Debug|Any CPU
		{89745210-D52D-49DA-AB4D-23E4BFB57023}.Debug|Any CPU.Build.0 = Debug|Any CPU
		{89745210-D52D-49DA-AB4D-23E4BFB57023}.Debug|x64.ActiveCfg = Debug|Any CPU
		{89745210-D52D-49DA-AB4D-23E4BFB57023}.Debug|x64.Build.0 = Debug|Any CPU
		{89745210-D52D-49DA-AB4D-23E4BFB57023}.Debug|x86.ActiveCfg = Debug|Any CPU
		{89745210-D52D-49DA-AB4D-23E4BFB57023}.Debug|x86.Build.0 = Debug|Any CPU
		{89745210-D52D-49DA-AB4D-23E4BFB57023}.Release|Any CPU.ActiveCfg = Release|Any CPU
		{89745210-D52D-49DA-AB4D-23E4BFB57023}.Release|Any CPU.Build.0 = Release|Any CPU
		{89745210-D52D-49DA-AB4D-23E4BFB57023}.Release|x64.ActiveCfg = Release|Any CPU
		{89745210-D52D-49DA-AB4D-23E4BFB57023}.Release|x64.Build.0 = Release|Any CPU
		{89745210-D52D-49DA-AB4D-23E4BFB57023}.Release|x86.ActiveCfg = Release|Any CPU
		{89745210-D52D-49DA-AB4D-23E4BFB57023}.Release|x86.Build.0 = Release|Any CPU
		{0B35DFD7-580B-4042-990C-090DA6563C59}.Debug|Any CPU.ActiveCfg = Debug|Any CPU
		{0B35DFD7-580B-4042-990C-090DA6563C59}.Debug|Any CPU.Build.0 = Debug|Any CPU
		{0B35DFD7-580B-4042-990C-090DA6563C59}.Debug|x64.ActiveCfg = Debug|Any CPU
		{0B35DFD7-580B-4042-990C-090DA6563C59}.Debug|x64.Build.0 = Debug|Any CPU
		{0B35DFD7-580B-4042-990C-090DA6563C59}.Debug|x86.ActiveCfg = Debug|Any CPU
		{0B35DFD7-580B-4042-990C-090DA6563C59}.Debug|x86.Build.0 = Debug|Any CPU
		{0B35DFD7-580B-4042-990C-090DA6563C59}.Release|Any CPU.ActiveCfg = Release|Any CPU
		{0B35DFD7-580B-4042-990C-090DA6563C59}.Release|Any CPU.Build.0 = Release|Any CPU
		{0B35DFD7-580B-4042-990C-090DA6563C59}.Release|x64.ActiveCfg = Release|Any CPU
		{0B35DFD7-580B-4042-990C-090DA6563C59}.Release|x64.Build.0 = Release|Any CPU
		{0B35DFD7-580B-4042-990C-090DA6563C59}.Release|x86.ActiveCfg = Release|Any CPU
		{0B35DFD7-580B-4042-990C-090DA6563C59}.Release|x86.Build.0 = Release|Any CPU
		{692E76D1-B71D-4DD7-86AC-F4ADCE9DAA3D}.Debug|Any CPU.ActiveCfg = Debug|Any CPU
		{692E76D1-B71D-4DD7-86AC-F4ADCE9DAA3D}.Debug|Any CPU.Build.0 = Debug|Any CPU
		{692E76D1-B71D-4DD7-86AC-F4ADCE9DAA3D}.Debug|x64.ActiveCfg = Debug|Any CPU
		{692E76D1-B71D-4DD7-86AC-F4ADCE9DAA3D}.Debug|x64.Build.0 = Debug|Any CPU
		{692E76D1-B71D-4DD7-86AC-F4ADCE9DAA3D}.Debug|x86.ActiveCfg = Debug|Any CPU
		{692E76D1-B71D-4DD7-86AC-F4ADCE9DAA3D}.Debug|x86.Build.0 = Debug|Any CPU
		{692E76D1-B71D-4DD7-86AC-F4ADCE9DAA3D}.Release|Any CPU.ActiveCfg = Release|Any CPU
		{692E76D1-B71D-4DD7-86AC-F4ADCE9DAA3D}.Release|Any CPU.Build.0 = Release|Any CPU
		{692E76D1-B71D-4DD7-86AC-F4ADCE9DAA3D}.Release|x64.ActiveCfg = Release|Any CPU
		{692E76D1-B71D-4DD7-86AC-F4ADCE9DAA3D}.Release|x64.Build.0 = Release|Any CPU
		{692E76D1-B71D-4DD7-86AC-F4ADCE9DAA3D}.Release|x86.ActiveCfg = Release|Any CPU
		{692E76D1-B71D-4DD7-86AC-F4ADCE9DAA3D}.Release|x86.Build.0 = Release|Any CPU
		{06832A14-8657-45C5-A22B-2E5AD072A996}.Debug|Any CPU.ActiveCfg = Debug|Any CPU
		{06832A14-8657-45C5-A22B-2E5AD072A996}.Debug|Any CPU.Build.0 = Debug|Any CPU
		{06832A14-8657-45C5-A22B-2E5AD072A996}.Debug|x64.ActiveCfg = Debug|Any CPU
		{06832A14-8657-45C5-A22B-2E5AD072A996}.Debug|x64.Build.0 = Debug|Any CPU
		{06832A14-8657-45C5-A22B-2E5AD072A996}.Debug|x86.ActiveCfg = Debug|Any CPU
		{06832A14-8657-45C5-A22B-2E5AD072A996}.Debug|x86.Build.0 = Debug|Any CPU
		{06832A14-8657-45C5-A22B-2E5AD072A996}.Release|Any CPU.ActiveCfg = Release|Any CPU
		{06832A14-8657-45C5-A22B-2E5AD072A996}.Release|Any CPU.Build.0 = Release|Any CPU
		{06832A14-8657-45C5-A22B-2E5AD072A996}.Release|x64.ActiveCfg = Release|Any CPU
		{06832A14-8657-45C5-A22B-2E5AD072A996}.Release|x64.Build.0 = Release|Any CPU
		{06832A14-8657-45C5-A22B-2E5AD072A996}.Release|x86.ActiveCfg = Release|Any CPU
		{06832A14-8657-45C5-A22B-2E5AD072A996}.Release|x86.Build.0 = Release|Any CPU
		{99649D8A-D25A-4C64-B8F4-D9941C7CDBCD}.Debug|Any CPU.ActiveCfg = Debug|Any CPU
		{99649D8A-D25A-4C64-B8F4-D9941C7CDBCD}.Debug|Any CPU.Build.0 = Debug|Any CPU
		{99649D8A-D25A-4C64-B8F4-D9941C7CDBCD}.Debug|x64.ActiveCfg = Debug|Any CPU
		{99649D8A-D25A-4C64-B8F4-D9941C7CDBCD}.Debug|x64.Build.0 = Debug|Any CPU
		{99649D8A-D25A-4C64-B8F4-D9941C7CDBCD}.Debug|x86.ActiveCfg = Debug|Any CPU
		{99649D8A-D25A-4C64-B8F4-D9941C7CDBCD}.Debug|x86.Build.0 = Debug|Any CPU
		{99649D8A-D25A-4C64-B8F4-D9941C7CDBCD}.Release|Any CPU.ActiveCfg = Release|Any CPU
		{99649D8A-D25A-4C64-B8F4-D9941C7CDBCD}.Release|Any CPU.Build.0 = Release|Any CPU
		{99649D8A-D25A-4C64-B8F4-D9941C7CDBCD}.Release|x64.ActiveCfg = Release|Any CPU
		{99649D8A-D25A-4C64-B8F4-D9941C7CDBCD}.Release|x64.Build.0 = Release|Any CPU
		{99649D8A-D25A-4C64-B8F4-D9941C7CDBCD}.Release|x86.ActiveCfg = Release|Any CPU
		{99649D8A-D25A-4C64-B8F4-D9941C7CDBCD}.Release|x86.Build.0 = Release|Any CPU
		{FFD015B4-15AA-48C0-820C-E76C308E43C3}.Debug|Any CPU.ActiveCfg = Debug|Any CPU
		{FFD015B4-15AA-48C0-820C-E76C308E43C3}.Debug|Any CPU.Build.0 = Debug|Any CPU
		{FFD015B4-15AA-48C0-820C-E76C308E43C3}.Debug|x64.ActiveCfg = Debug|Any CPU
		{FFD015B4-15AA-48C0-820C-E76C308E43C3}.Debug|x64.Build.0 = Debug|Any CPU
		{FFD015B4-15AA-48C0-820C-E76C308E43C3}.Debug|x86.ActiveCfg = Debug|Any CPU
		{FFD015B4-15AA-48C0-820C-E76C308E43C3}.Debug|x86.Build.0 = Debug|Any CPU
		{FFD015B4-15AA-48C0-820C-E76C308E43C3}.Release|Any CPU.ActiveCfg = Release|Any CPU
		{FFD015B4-15AA-48C0-820C-E76C308E43C3}.Release|Any CPU.Build.0 = Release|Any CPU
		{FFD015B4-15AA-48C0-820C-E76C308E43C3}.Release|x64.ActiveCfg = Release|Any CPU
		{FFD015B4-15AA-48C0-820C-E76C308E43C3}.Release|x64.Build.0 = Release|Any CPU
		{FFD015B4-15AA-48C0-820C-E76C308E43C3}.Release|x86.ActiveCfg = Release|Any CPU
		{FFD015B4-15AA-48C0-820C-E76C308E43C3}.Release|x86.Build.0 = Release|Any CPU
		{A78C0D54-7806-4780-9CFA-E7E34D15B367}.Debug|Any CPU.ActiveCfg = Debug|Any CPU
		{A78C0D54-7806-4780-9CFA-E7E34D15B367}.Debug|Any CPU.Build.0 = Debug|Any CPU
		{A78C0D54-7806-4780-9CFA-E7E34D15B367}.Debug|x64.ActiveCfg = Debug|Any CPU
		{A78C0D54-7806-4780-9CFA-E7E34D15B367}.Debug|x64.Build.0 = Debug|Any CPU
		{A78C0D54-7806-4780-9CFA-E7E34D15B367}.Debug|x86.ActiveCfg = Debug|Any CPU
		{A78C0D54-7806-4780-9CFA-E7E34D15B367}.Debug|x86.Build.0 = Debug|Any CPU
		{A78C0D54-7806-4780-9CFA-E7E34D15B367}.Release|Any CPU.ActiveCfg = Release|Any CPU
		{A78C0D54-7806-4780-9CFA-E7E34D15B367}.Release|Any CPU.Build.0 = Release|Any CPU
		{A78C0D54-7806-4780-9CFA-E7E34D15B367}.Release|x64.ActiveCfg = Release|Any CPU
		{A78C0D54-7806-4780-9CFA-E7E34D15B367}.Release|x64.Build.0 = Release|Any CPU
		{A78C0D54-7806-4780-9CFA-E7E34D15B367}.Release|x86.ActiveCfg = Release|Any CPU
		{A78C0D54-7806-4780-9CFA-E7E34D15B367}.Release|x86.Build.0 = Release|Any CPU
	EndGlobalSection
	GlobalSection(SolutionProperties) = preSolution
		HideSolutionNode = FALSE
	EndGlobalSection
	GlobalSection(NestedProjects) = preSolution
		{0F9113EE-888A-26D2-68B0-4A7D0A2A8745} = {1AE8ACA6-933B-BF2A-3671-3E2EAC007D16}
		{8AE786E6-BCBA-4AA0-A35A-2C423B236246} = {0F9113EE-888A-26D2-68B0-4A7D0A2A8745}
		{89745210-D52D-49DA-AB4D-23E4BFB57023} = {0F9113EE-888A-26D2-68B0-4A7D0A2A8745}
		{0B35DFD7-580B-4042-990C-090DA6563C59} = {0F9113EE-888A-26D2-68B0-4A7D0A2A8745}
		{692E76D1-B71D-4DD7-86AC-F4ADCE9DAA3D} = {0F9113EE-888A-26D2-68B0-4A7D0A2A8745}
		{F57642F3-C37C-D174-720E-6A6AAD5BEE22} = {1AE8ACA6-933B-BF2A-3671-3E2EAC007D16}
		{06832A14-8657-45C5-A22B-2E5AD072A996} = {F57642F3-C37C-D174-720E-6A6AAD5BEE22}
		{99649D8A-D25A-4C64-B8F4-D9941C7CDBCD} = {F57642F3-C37C-D174-720E-6A6AAD5BEE22}
		{FFD015B4-15AA-48C0-820C-E76C308E43C3} = {F57642F3-C37C-D174-720E-6A6AAD5BEE22}
		{A78C0D54-7806-4780-9CFA-E7E34D15B367} = {F57642F3-C37C-D174-720E-6A6AAD5BEE22}
	EndGlobalSection
EndGlobal
